
Microsoft Visual Studio Solution File, Format Version 12.00
# Visual Studio Version 17
VisualStudioVersion = 17.0.31919.166
MinimumVisualStudioVersion = 10.0.40219.1
Project("{778DAE3C-4631-46EA-AA77-85C1314464D9}") = "DataObjs", "DataObjs\DataObjs.vbproj", "{D85434C5-A820-4485-ADDE-7C7FD8B069F7}"
EndProject
Project("{778DAE3C-4631-46EA-AA77-85C1314464D9}") = "DataAxs", "DataAxs\DataAxs.vbproj", "{79C1A9A9-3A5A-458C-85AE-D74B38F7EFA6}"
EndProject
Project("{778DAE3C-4631-46EA-AA77-85C1314464D9}") = "Logica", "Logica\Logica.vbproj", "{8394CCDB-B194-44A2-A0E7-58A732D15339}"
EndProject
Project("{FAE04EC0-301F-11D3-BF4B-00C04F79EFBC}") = "WebAPI", "WebAPI\WebAPI.csproj", "{89440549-99D5-48B4-BF3E-867FFCE16181}"
EndProject
Global
	GlobalSection(SolutionConfigurationPlatforms) = preSolution
		Debug|Any CPU = Debug|Any CPU
		Release|Any CPU = Release|Any CPU
	EndGlobalSection
	GlobalSection(ProjectConfigurationPlatforms) = postSolution
		{D85434C5-A820-4485-ADDE-7C7FD8B069F7}.Debug|Any CPU.ActiveCfg = Debug|Any CPU
		{D85434C5-A820-4485-ADDE-7C7FD8B069F7}.Debug|Any CPU.Build.0 = Debug|Any CPU
		{D85434C5-A820-4485-ADDE-7C7FD8B069F7}.Release|Any CPU.ActiveCfg = Release|Any CPU
		{D85434C5-A820-4485-ADDE-7C7FD8B069F7}.Release|Any CPU.Build.0 = Release|Any CPU
		{79C1A9A9-3A5A-458C-85AE-D74B38F7EFA6}.Debug|Any CPU.ActiveCfg = Debug|Any CPU
		{79C1A9A9-3A5A-458C-85AE-D74B38F7EFA6}.Debug|Any CPU.Build.0 = Debug|Any CPU
		{79C1A9A9-3A5A-458C-85AE-D74B38F7EFA6}.Release|Any CPU.ActiveCfg = Release|Any CPU
		{79C1A9A9-3A5A-458C-85AE-D74B38F7EFA6}.Release|Any CPU.Build.0 = Release|Any CPU
		{8394CCDB-B194-44A2-A0E7-58A732D15339}.Debug|Any CPU.ActiveCfg = Debug|Any CPU
		{8394CCDB-B194-44A2-A0E7-58A732D15339}.Debug|Any CPU.Build.0 = Debug|Any CPU
		{8394CCDB-B194-44A2-A0E7-58A732D15339}.Release|Any CPU.ActiveCfg = Release|Any CPU
		{8394CCDB-B194-44A2-A0E7-58A732D15339}.Release|Any CPU.Build.0 = Release|Any CPU
		{89440549-99D5-48B4-BF3E-867FFCE16181}.Debug|Any CPU.ActiveCfg = Debug|Any CPU
		{89440549-99D5-48B4-BF3E-867FFCE16181}.Debug|Any CPU.Build.0 = Debug|Any CPU
		{89440549-99D5-48B4-BF3E-867FFCE16181}.Release|Any CPU.ActiveCfg = Release|Any CPU
		{89440549-99D5-48B4-BF3E-867FFCE16181}.Release|Any CPU.Build.0 = Release|Any CPU
	EndGlobalSection
	GlobalSection(SolutionProperties) = preSolution
		HideSolutionNode = FALSE
	EndGlobalSection
	GlobalSection(ExtensibilityGlobals) = postSolution
		SolutionGuid = {C15FB7E5-7AFA-4DF5-9C30-68DFA82D5AF1}
	EndGlobalSection
EndGlobal
